
Microsoft Visual Studio Solution File, Format Version 12.00
# Visual Studio 2013
VisualStudioVersion = 12.0.21005.1
MinimumVisualStudioVersion = 10.0.40219.1
Project("{FAE04EC0-301F-11D3-BF4B-00C04F79EFBC}") = "IBT Record", "IBT Record\IBT Record.csproj", "{C67850B1-2A0B-4B61-AA93-FE0D988B2117}"
EndProject
Project("{54435603-DBB4-11D2-8724-00A0C9A8B90C}") = "Installer", "Installer\Installer.vdproj", "{58B05BEA-AECD-4569-BCCD-A0511EE83006}"
EndProject
Global
	GlobalSection(SolutionConfigurationPlatforms) = preSolution
		Debug|Any CPU = Debug|Any CPU
		Release|Any CPU = Release|Any CPU
	EndGlobalSection
	GlobalSection(ProjectConfigurationPlatforms) = postSolution
		{C67850B1-2A0B-4B61-AA93-FE0D988B2117}.Debug|Any CPU.ActiveCfg = Debug|Any CPU
		{C67850B1-2A0B-4B61-AA93-FE0D988B2117}.Debug|Any CPU.Build.0 = Debug|Any CPU
		{C67850B1-2A0B-4B61-AA93-FE0D988B2117}.Release|Any CPU.ActiveCfg = Release|Any CPU
		{C67850B1-2A0B-4B61-AA93-FE0D988B2117}.Release|Any CPU.Build.0 = Release|Any CPU
		{58B05BEA-AECD-4569-BCCD-A0511EE83006}.Debug|Any CPU.ActiveCfg = Debug
		{58B05BEA-AECD-4569-BCCD-A0511EE83006}.Release|Any CPU.ActiveCfg = Release
	EndGlobalSection
	GlobalSection(SolutionProperties) = preSolution
		HideSolutionNode = FALSE
	EndGlobalSection
EndGlobal
